github.com/oarkflow/xid v1.2.5 h1:6RcNJm9+oZ/B647gkME9trCzhpxGQaSdNoD56Vmkeho=
github.com/oarkflow/xid v1.2.5/go.mod h1:jG4YBh+swbjlWApGWDBYnsJEa7hi3CCpmuqhB3RAxVo=
github.com/relvacode/iso8601 v1.4.0 h1:GsInVSEJfkYuirYFxa80nMLbH2aydgZpIf52gYZXUJs=
github.com/relvacode/iso8601 v1.4.0/go.mod h1:FlNp+jz+TXpyRqgmM7tnzHHzBnz776kmAH2h3sZCn0I=
